{
  "name": "dangerous-fight",
  "lockfileVersion": 3,
  "requires": true,
  "packages": {
    "": {
      "dependencies": {
        "itty-sockets": "^0.9.3"
      }
    },
    "node_modules/itty-sockets": {
      "version": "0.9.3",
      "resolved": "https://registry.npmjs.org/itty-sockets/-/itty-sockets-0.9.3.tgz",
      "integrity": "sha512-M5mYhpD8ef6LeVP/x/hE+UvJjQddIfPtG9psUnU7zFb/ZkS6Gi/wPzqUdiV7UNOWtKE4sBCeDqshBtzgKwsRnA==",
      "license": "MIT"
    }
  }
}
